
Microsoft Visual Studio Solution File, Format Version 12.00
# Visual Studio 15
VisualStudioVersion = 15.0.28307.705
MinimumVisualStudioVersion = 10.0.40219.1
Project("{FAE04EC0-301F-11D3-BF4B-00C04F79EFBC}") = "MelikeEryilmaz", "MelikeEryilmaz\MelikeEryilmaz.csproj", "{2C5B72F6-B557-4867-83B5-79FFE2446FF0}"
EndProject
Global
	GlobalSection(SolutionConfigurationPlatforms) = preSolution
		Debug|Any CPU = Debug|Any CPU
		Release|Any CPU = Release|Any CPU
	EndGlobalSection
	GlobalSection(ProjectConfigurationPlatforms) = postSolution
		{2C5B72F6-B557-4867-83B5-79FFE2446FF0}.Debug|Any CPU.ActiveCfg = Debug|Any CPU
		{2C5B72F6-B557-4867-83B5-79FFE2446FF0}.Debug|Any CPU.Build.0 = Debug|Any CPU
		{2C5B72F6-B557-4867-83B5-79FFE2446FF0}.Release|Any CPU.ActiveCfg = Release|Any CPU
		{2C5B72F6-B557-4867-83B5-79FFE2446FF0}.Release|Any CPU.Build.0 = Release|Any CPU
	EndGlobalSection
	GlobalSection(SolutionProperties) = preSolution
		HideSolutionNode = FALSE
	EndGlobalSection
	GlobalSection(ExtensibilityGlobals) = postSolution
		SolutionGuid = {25E0B51B-102B-448A-95ED-20090E584F89}
	EndGlobalSection
EndGlobal
