
Microsoft Visual Studio Solution File, Format Version 12.00
# Visual Studio 15
VisualStudioVersion = 15.0.28307.705
MinimumVisualStudioVersion = 10.0.40219.1
Project("{FAE04EC0-301F-11D3-BF4B-00C04F79EFBC}") = "ECommerceHome", "ECommerceHome\ECommerceHome.csproj", "{C3E48C58-5081-48A9-9FF6-FDC49BF2A154}"
EndProject
Global
	GlobalSection(SolutionConfigurationPlatforms) = preSolution
		Debug|Any CPU = Debug|Any CPU
		Release|Any CPU = Release|Any CPU
	EndGlobalSection
	GlobalSection(ProjectConfigurationPlatforms) = postSolution
		{C3E48C58-5081-48A9-9FF6-FDC49BF2A154}.Debug|Any CPU.ActiveCfg = Debug|Any CPU
		{C3E48C58-5081-48A9-9FF6-FDC49BF2A154}.Debug|Any CPU.Build.0 = Debug|Any CPU
		{C3E48C58-5081-48A9-9FF6-FDC49BF2A154}.Release|Any CPU.ActiveCfg = Release|Any CPU
		{C3E48C58-5081-48A9-9FF6-FDC49BF2A154}.Release|Any CPU.Build.0 = Release|Any CPU
	EndGlobalSection
	GlobalSection(SolutionProperties) = preSolution
		HideSolutionNode = FALSE
	EndGlobalSection
	GlobalSection(ExtensibilityGlobals) = postSolution
		SolutionGuid = {20417EC5-AE6A-4B2C-90A1-41B26F9D3D30}
	EndGlobalSection
EndGlobal
