
Microsoft Visual Studio Solution File, Format Version 12.00
# Visual Studio 15
VisualStudioVersion = 15.0.28307.705
MinimumVisualStudioVersion = 10.0.40219.1
Project("{FAE04EC0-301F-11D3-BF4B-00C04F79EFBC}") = "Robotics", "Robotics\Robotics.csproj", "{1D7F7C19-B99C-4429-AA91-4FC28C6F9807}"
EndProject
Global
	GlobalSection(SolutionConfigurationPlatforms) = preSolution
		Debug|Any CPU = Debug|Any CPU
		Release|Any CPU = Release|Any CPU
	EndGlobalSection
	GlobalSection(ProjectConfigurationPlatforms) = postSolution
		{1D7F7C19-B99C-4429-AA91-4FC28C6F9807}.Debug|Any CPU.ActiveCfg = Debug|Any CPU
		{1D7F7C19-B99C-4429-AA91-4FC28C6F9807}.Debug|Any CPU.Build.0 = Debug|Any CPU
		{1D7F7C19-B99C-4429-AA91-4FC28C6F9807}.Release|Any CPU.ActiveCfg = Release|Any CPU
		{1D7F7C19-B99C-4429-AA91-4FC28C6F9807}.Release|Any CPU.Build.0 = Release|Any CPU
	EndGlobalSection
	GlobalSection(SolutionProperties) = preSolution
		HideSolutionNode = FALSE
	EndGlobalSection
	GlobalSection(ExtensibilityGlobals) = postSolution
		SolutionGuid = {61B2B2FB-B011-4ADE-AC0A-4DDD5D491134}
	EndGlobalSection
EndGlobal
